
Microsoft Visual Studio Solution File, Format Version 12.00
# Visual Studio Version 17
VisualStudioVersion = 17.11.35312.102
MinimumVisualStudioVersion = 10.0.40219.1
Project("{9A19103F-16F7-4668-BE54-9A1E7A4F7556}") = "Factory_FactoryPattern1", "FactoryPattern1\Factory_FactoryPattern1.csproj", "{1E552492-6E10-4F72-9A9B-CFEADF3A324B}"
EndProject
Project("{9A19103F-16F7-4668-BE54-9A1E7A4F7556}") = "Factory_FactoryPattern2Simple", "FactoryPattern2Simple\Factory_FactoryPattern2Simple.csproj", "{12267213-93DD-45B1-A1BA-D18567B10E6E}"
EndProject
Project("{9A19103F-16F7-4668-BE54-9A1E7A4F7556}") = "Factory_AbstractFactoryPattern1", "AbstractFactoryPattern1\Factory_AbstractFactoryPattern1.csproj", "{C035DAEF-F7DA-4E88-9F3A-2686C1A7F02E}"
EndProject
Project("{9A19103F-16F7-4668-BE54-9A1E7A4F7556}") = "DpendencyInjectionILogger", "LoggerExample\DpendencyInjectionILogger.csproj", "{F9CDD3E4-3DF9-427E-9C17-C709D1C6C934}"
EndProject
Project("{9A19103F-16F7-4668-BE54-9A1E7A4F7556}") = "EventSimple", "EventSimple\EventSimple.csproj", "{73BC3A71-2791-4ADF-B621-1AA994544204}"
EndProject
Project("{9A19103F-16F7-4668-BE54-9A1E7A4F7556}") = "Factory_FactoryMethodPattern", "Factory_FactoryMethodPattern\Factory_FactoryMethodPattern.csproj", "{6127F71F-83D4-4D7D-905D-DE08F8DD8AD8}"
EndProject
Project("{9A19103F-16F7-4668-BE54-9A1E7A4F7556}") = "Factory_AbstractFactoryPatternExplanation", "Factory_AbstractFactoryPatternExplanation\Factory_AbstractFactoryPatternExplanation.csproj", "{24E5484B-4E5B-41E9-B13E-9B4C57EC5C12}"
EndProject
Project("{9A19103F-16F7-4668-BE54-9A1E7A4F7556}") = "Builder_Builder1Pattern", "Builder_Builder1Pattern\Builder_Builder1Pattern.csproj", "{7CCC861C-8512-40CA-80D5-E09CBDC3478C}"
EndProject
Project("{9A19103F-16F7-4668-BE54-9A1E7A4F7556}") = "WebApiFilters", "WebApiFilters\WebApiFilters.csproj", "{9A2A9D62-7037-4B24-8F3E-692B18B23D97}"
EndProject
Project("{9A19103F-16F7-4668-BE54-9A1E7A4F7556}") = "StrategyPattern_Delegates_1", "Delegates_1\StrategyPattern_Delegates_1.csproj", "{19B9F1B5-6078-4B88-87AB-1ABE1C1716A8}"
EndProject
Project("{9A19103F-16F7-4668-BE54-9A1E7A4F7556}") = "SerilogDemo", "SerilogDemo\SerilogDemo.csproj", "{3EB24757-FFC8-49B6-874A-02091E1C578C}"
EndProject
Project("{FAE04EC0-301F-11D3-BF4B-00C04F79EFBC}") = "EfCoreAndNorthWindDb", "EfCoreAndNorthWindDb\EfCoreAndNorthWindDb.csproj", "{DD9F76A8-8120-4945-9282-9B3A1B1A562D}"
EndProject
Project("{FAE04EC0-301F-11D3-BF4B-00C04F79EFBC}") = "BlazorHTML", "BlazorHTML\BlazorHTML\BlazorHTML.csproj", "{95109536-0581-4DE2-9794-175382F84501}"
EndProject
Project("{FAE04EC0-301F-11D3-BF4B-00C04F79EFBC}") = "BlazorHTML.Client", "BlazorHTML\BlazorHTML.Client\BlazorHTML.Client.csproj", "{04EC3BC3-FC53-4CC1-A4F4-47159E8AF899}"
EndProject
Project("{FAE04EC0-301F-11D3-BF4B-00C04F79EFBC}") = "CacheSimple", "CacheSimple\CacheSimple.csproj", "{DC60B5B8-8214-499E-A6F9-424D71419E99}"
EndProject
Project("{FAE04EC0-301F-11D3-BF4B-00C04F79EFBC}") = "BlazorStatePersistency", "BlazorStatePersistency\BlazorStatePersistency\BlazorStatePersistency.csproj", "{EF47D014-8C07-4EF4-B215-DC9837D350B0}"
EndProject
Project("{FAE04EC0-301F-11D3-BF4B-00C04F79EFBC}") = "BlazorStatePersistency.Client", "BlazorStatePersistency\BlazorStatePersistency.Client\BlazorStatePersistency.Client.csproj", "{81FCA57E-93F1-4F95-9858-7ADD0E6FE7A3}"
EndProject
Project("{FAE04EC0-301F-11D3-BF4B-00C04F79EFBC}") = "RegexAndSimpleFuzzy", "Regex\RegexAndSimpleFuzzy.csproj", "{6D8DE4CB-DB57-4DD2-A323-3EBFE44D9EC0}"
EndProject
Project("{FAE04EC0-301F-11D3-BF4B-00C04F79EFBC}") = "WebApiCustomMiddleware", "WebApiCustomMiddleware\WebApiCustomMiddleware.csproj", "{1AA1DB6F-BDAF-4082-9340-12B6D8768E6D}"
EndProject
Project("{FAE04EC0-301F-11D3-BF4B-00C04F79EFBC}") = "SimpleOpenSearchClient", "SimpleOpenSearchClient\SimpleOpenSearchClient\SimpleOpenSearchClient.csproj", "{2CA641DC-E8C1-4B2C-8A0D-73ABAA22E972}"
EndProject
Global
	GlobalSection(SolutionConfigurationPlatforms) = preSolution
		Debug|Any CPU = Debug|Any CPU
		Release|Any CPU = Release|Any CPU
	EndGlobalSection
	GlobalSection(ProjectConfigurationPlatforms) = postSolution
		{1E552492-6E10-4F72-9A9B-CFEADF3A324B}.Debug|Any CPU.ActiveCfg = Debug|Any CPU
		{1E552492-6E10-4F72-9A9B-CFEADF3A324B}.Debug|Any CPU.Build.0 = Debug|Any CPU
		{1E552492-6E10-4F72-9A9B-CFEADF3A324B}.Release|Any CPU.ActiveCfg = Release|Any CPU
		{1E552492-6E10-4F72-9A9B-CFEADF3A324B}.Release|Any CPU.Build.0 = Release|Any CPU
		{12267213-93DD-45B1-A1BA-D18567B10E6E}.Debug|Any CPU.ActiveCfg = Debug|Any CPU
		{12267213-93DD-45B1-A1BA-D18567B10E6E}.Debug|Any CPU.Build.0 = Debug|Any CPU
		{12267213-93DD-45B1-A1BA-D18567B10E6E}.Release|Any CPU.ActiveCfg = Release|Any CPU
		{12267213-93DD-45B1-A1BA-D18567B10E6E}.Release|Any CPU.Build.0 = Release|Any CPU
		{C035DAEF-F7DA-4E88-9F3A-2686C1A7F02E}.Debug|Any CPU.ActiveCfg = Debug|Any CPU
		{C035DAEF-F7DA-4E88-9F3A-2686C1A7F02E}.Debug|Any CPU.Build.0 = Debug|Any CPU
		{C035DAEF-F7DA-4E88-9F3A-2686C1A7F02E}.Release|Any CPU.ActiveCfg = Release|Any CPU
		{C035DAEF-F7DA-4E88-9F3A-2686C1A7F02E}.Release|Any CPU.Build.0 = Release|Any CPU
		{F9CDD3E4-3DF9-427E-9C17-C709D1C6C934}.Debug|Any CPU.ActiveCfg = Debug|Any CPU
		{F9CDD3E4-3DF9-427E-9C17-C709D1C6C934}.Debug|Any CPU.Build.0 = Debug|Any CPU
		{F9CDD3E4-3DF9-427E-9C17-C709D1C6C934}.Release|Any CPU.ActiveCfg = Release|Any CPU
		{F9CDD3E4-3DF9-427E-9C17-C709D1C6C934}.Release|Any CPU.Build.0 = Release|Any CPU
		{73BC3A71-2791-4ADF-B621-1AA994544204}.Debug|Any CPU.ActiveCfg = Debug|Any CPU
		{73BC3A71-2791-4ADF-B621-1AA994544204}.Debug|Any CPU.Build.0 = Debug|Any CPU
		{73BC3A71-2791-4ADF-B621-1AA994544204}.Release|Any CPU.ActiveCfg = Release|Any CPU
		{73BC3A71-2791-4ADF-B621-1AA994544204}.Release|Any CPU.Build.0 = Release|Any CPU
		{6127F71F-83D4-4D7D-905D-DE08F8DD8AD8}.Debug|Any CPU.ActiveCfg = Debug|Any CPU
		{6127F71F-83D4-4D7D-905D-DE08F8DD8AD8}.Debug|Any CPU.Build.0 = Debug|Any CPU
		{6127F71F-83D4-4D7D-905D-DE08F8DD8AD8}.Release|Any CPU.ActiveCfg = Release|Any CPU
		{6127F71F-83D4-4D7D-905D-DE08F8DD8AD8}.Release|Any CPU.Build.0 = Release|Any CPU
		{24E5484B-4E5B-41E9-B13E-9B4C57EC5C12}.Debug|Any CPU.ActiveCfg = Debug|Any CPU
		{24E5484B-4E5B-41E9-B13E-9B4C57EC5C12}.Debug|Any CPU.Build.0 = Debug|Any CPU
		{24E5484B-4E5B-41E9-B13E-9B4C57EC5C12}.Release|Any CPU.ActiveCfg = Release|Any CPU
		{24E5484B-4E5B-41E9-B13E-9B4C57EC5C12}.Release|Any CPU.Build.0 = Release|Any CPU
		{7CCC861C-8512-40CA-80D5-E09CBDC3478C}.Debug|Any CPU.ActiveCfg = Debug|Any CPU
		{7CCC861C-8512-40CA-80D5-E09CBDC3478C}.Debug|Any CPU.Build.0 = Debug|Any CPU
		{7CCC861C-8512-40CA-80D5-E09CBDC3478C}.Release|Any CPU.ActiveCfg = Release|Any CPU
		{7CCC861C-8512-40CA-80D5-E09CBDC3478C}.Release|Any CPU.Build.0 = Release|Any CPU
		{9A2A9D62-7037-4B24-8F3E-692B18B23D97}.Debug|Any CPU.ActiveCfg = Debug|Any CPU
		{9A2A9D62-7037-4B24-8F3E-692B18B23D97}.Debug|Any CPU.Build.0 = Debug|Any CPU
		{9A2A9D62-7037-4B24-8F3E-692B18B23D97}.Release|Any CPU.ActiveCfg = Release|Any CPU
		{9A2A9D62-7037-4B24-8F3E-692B18B23D97}.Release|Any CPU.Build.0 = Release|Any CPU
		{19B9F1B5-6078-4B88-87AB-1ABE1C1716A8}.Debug|Any CPU.ActiveCfg = Debug|Any CPU
		{19B9F1B5-6078-4B88-87AB-1ABE1C1716A8}.Debug|Any CPU.Build.0 = Debug|Any CPU
		{19B9F1B5-6078-4B88-87AB-1ABE1C1716A8}.Release|Any CPU.ActiveCfg = Release|Any CPU
		{19B9F1B5-6078-4B88-87AB-1ABE1C1716A8}.Release|Any CPU.Build.0 = Release|Any CPU
		{3EB24757-FFC8-49B6-874A-02091E1C578C}.Debug|Any CPU.ActiveCfg = Debug|Any CPU
		{3EB24757-FFC8-49B6-874A-02091E1C578C}.Debug|Any CPU.Build.0 = Debug|Any CPU
		{3EB24757-FFC8-49B6-874A-02091E1C578C}.Release|Any CPU.ActiveCfg = Release|Any CPU
		{3EB24757-FFC8-49B6-874A-02091E1C578C}.Release|Any CPU.Build.0 = Release|Any CPU
		{DD9F76A8-8120-4945-9282-9B3A1B1A562D}.Debug|Any CPU.ActiveCfg = Debug|Any CPU
		{DD9F76A8-8120-4945-9282-9B3A1B1A562D}.Debug|Any CPU.Build.0 = Debug|Any CPU
		{DD9F76A8-8120-4945-9282-9B3A1B1A562D}.Release|Any CPU.ActiveCfg = Release|Any CPU
		{DD9F76A8-8120-4945-9282-9B3A1B1A562D}.Release|Any CPU.Build.0 = Release|Any CPU
		{95109536-0581-4DE2-9794-175382F84501}.Debug|Any CPU.ActiveCfg = Debug|Any CPU
		{95109536-0581-4DE2-9794-175382F84501}.Debug|Any CPU.Build.0 = Debug|Any CPU
		{95109536-0581-4DE2-9794-175382F84501}.Release|Any CPU.ActiveCfg = Release|Any CPU
		{95109536-0581-4DE2-9794-175382F84501}.Release|Any CPU.Build.0 = Release|Any CPU
		{04EC3BC3-FC53-4CC1-A4F4-47159E8AF899}.Debug|Any CPU.ActiveCfg = Debug|Any CPU
		{04EC3BC3-FC53-4CC1-A4F4-47159E8AF899}.Debug|Any CPU.Build.0 = Debug|Any CPU
		{04EC3BC3-FC53-4CC1-A4F4-47159E8AF899}.Release|Any CPU.ActiveCfg = Release|Any CPU
		{04EC3BC3-FC53-4CC1-A4F4-47159E8AF899}.Release|Any CPU.Build.0 = Release|Any CPU
		{DC60B5B8-8214-499E-A6F9-424D71419E99}.Debug|Any CPU.ActiveCfg = Debug|Any CPU
		{DC60B5B8-8214-499E-A6F9-424D71419E99}.Debug|Any CPU.Build.0 = Debug|Any CPU
		{DC60B5B8-8214-499E-A6F9-424D71419E99}.Release|Any CPU.ActiveCfg = Release|Any CPU
		{DC60B5B8-8214-499E-A6F9-424D71419E99}.Release|Any CPU.Build.0 = Release|Any CPU
		{EF47D014-8C07-4EF4-B215-DC9837D350B0}.Debug|Any CPU.ActiveCfg = Debug|Any CPU
		{EF47D014-8C07-4EF4-B215-DC9837D350B0}.Debug|Any CPU.Build.0 = Debug|Any CPU
		{EF47D014-8C07-4EF4-B215-DC9837D350B0}.Release|Any CPU.ActiveCfg = Release|Any CPU
		{EF47D014-8C07-4EF4-B215-DC9837D350B0}.Release|Any CPU.Build.0 = Release|Any CPU
		{81FCA57E-93F1-4F95-9858-7ADD0E6FE7A3}.Debug|Any CPU.ActiveCfg = Debug|Any CPU
		{81FCA57E-93F1-4F95-9858-7ADD0E6FE7A3}.Debug|Any CPU.Build.0 = Debug|Any CPU
		{81FCA57E-93F1-4F95-9858-7ADD0E6FE7A3}.Release|Any CPU.ActiveCfg = Release|Any CPU
		{81FCA57E-93F1-4F95-9858-7ADD0E6FE7A3}.Release|Any CPU.Build.0 = Release|Any CPU
		{6D8DE4CB-DB57-4DD2-A323-3EBFE44D9EC0}.Debug|Any CPU.ActiveCfg = Debug|Any CPU
		{6D8DE4CB-DB57-4DD2-A323-3EBFE44D9EC0}.Debug|Any CPU.Build.0 = Debug|Any CPU
		{6D8DE4CB-DB57-4DD2-A323-3EBFE44D9EC0}.Release|Any CPU.ActiveCfg = Release|Any CPU
		{6D8DE4CB-DB57-4DD2-A323-3EBFE44D9EC0}.Release|Any CPU.Build.0 = Release|Any CPU
		{1AA1DB6F-BDAF-4082-9340-12B6D8768E6D}.Debug|Any CPU.ActiveCfg = Debug|Any CPU
		{1AA1DB6F-BDAF-4082-9340-12B6D8768E6D}.Debug|Any CPU.Build.0 = Debug|Any CPU
		{1AA1DB6F-BDAF-4082-9340-12B6D8768E6D}.Release|Any CPU.ActiveCfg = Release|Any CPU
		{1AA1DB6F-BDAF-4082-9340-12B6D8768E6D}.Release|Any CPU.Build.0 = Release|Any CPU
		{2CA641DC-E8C1-4B2C-8A0D-73ABAA22E972}.Debug|Any CPU.ActiveCfg = Debug|Any CPU
		{2CA641DC-E8C1-4B2C-8A0D-73ABAA22E972}.Debug|Any CPU.Build.0 = Debug|Any CPU
		{2CA641DC-E8C1-4B2C-8A0D-73ABAA22E972}.Release|Any CPU.ActiveCfg = Release|Any CPU
		{2CA641DC-E8C1-4B2C-8A0D-73ABAA22E972}.Release|Any CPU.Build.0 = Release|Any CPU
	EndGlobalSection
	GlobalSection(SolutionProperties) = preSolution
		HideSolutionNode = FALSE
	EndGlobalSection
	GlobalSection(ExtensibilityGlobals) = postSolution
		SolutionGuid = {DE18C629-F814-4CE3-B1FA-9208B50E7B0D}
	EndGlobalSection
EndGlobal
